
Microsoft Visual Studio Solution File, Format Version 12.00
# Visual Studio Version 16
VisualStudioVersion = 16.0.30114.105
MinimumVisualStudioVersion = 10.0.40219.1
Project("{9A19103F-16F7-4668-BE54-9A1E7A4F7556}") = "RestWithAspNet", "RestWithAspNet\RestWithAspNet.csproj", "{678C3548-696D-44D3-9411-F6A2FCAA9C87}"
EndProject
Project("{FAE04EC0-301F-11D3-BF4B-00C04F79EFBC}") = "RestWithAspNet2", "RestWithAspNet2\RestWithAspNet2.csproj", "{6C1DE61B-88F7-4015-9097-5EEDBC67574D}"
EndProject
Project("{FAE04EC0-301F-11D3-BF4B-00C04F79EFBC}") = "DAO", "DAO\DAO.csproj", "{60F1099C-2007-4A5B-91F5-6D36AC847528}"
EndProject
Project("{FAE04EC0-301F-11D3-BF4B-00C04F79EFBC}") = "Entidades", "Entidades\Entidades.csproj", "{79460079-2BF7-45A8-A9CD-5347AB484F83}"
EndProject
Project("{FAE04EC0-301F-11D3-BF4B-00C04F79EFBC}") = "DAO_MySql", "DAO_MySql\DAO_MySql.csproj", "{8A5767D8-00FF-44A3-A15B-3DFB02BA28F7}"
EndProject
Global
	GlobalSection(SolutionConfigurationPlatforms) = preSolution
		Debug|Any CPU = Debug|Any CPU
		Debug|x64 = Debug|x64
		Debug|x86 = Debug|x86
		Release|Any CPU = Release|Any CPU
		Release|x64 = Release|x64
		Release|x86 = Release|x86
	EndGlobalSection
	GlobalSection(ProjectConfigurationPlatforms) = postSolution
		{678C3548-696D-44D3-9411-F6A2FCAA9C87}.Debug|Any CPU.ActiveCfg = Debug|Any CPU
		{678C3548-696D-44D3-9411-F6A2FCAA9C87}.Debug|Any CPU.Build.0 = Debug|Any CPU
		{678C3548-696D-44D3-9411-F6A2FCAA9C87}.Debug|x64.ActiveCfg = Debug|Any CPU
		{678C3548-696D-44D3-9411-F6A2FCAA9C87}.Debug|x64.Build.0 = Debug|Any CPU
		{678C3548-696D-44D3-9411-F6A2FCAA9C87}.Debug|x86.ActiveCfg = Debug|Any CPU
		{678C3548-696D-44D3-9411-F6A2FCAA9C87}.Debug|x86.Build.0 = Debug|Any CPU
		{678C3548-696D-44D3-9411-F6A2FCAA9C87}.Release|Any CPU.ActiveCfg = Release|Any CPU
		{678C3548-696D-44D3-9411-F6A2FCAA9C87}.Release|Any CPU.Build.0 = Release|Any CPU
		{678C3548-696D-44D3-9411-F6A2FCAA9C87}.Release|x64.ActiveCfg = Release|Any CPU
		{678C3548-696D-44D3-9411-F6A2FCAA9C87}.Release|x64.Build.0 = Release|Any CPU
		{678C3548-696D-44D3-9411-F6A2FCAA9C87}.Release|x86.ActiveCfg = Release|Any CPU
		{678C3548-696D-44D3-9411-F6A2FCAA9C87}.Release|x86.Build.0 = Release|Any CPU
		{6C1DE61B-88F7-4015-9097-5EEDBC67574D}.Debug|Any CPU.ActiveCfg = Debug|Any CPU
		{6C1DE61B-88F7-4015-9097-5EEDBC67574D}.Debug|Any CPU.Build.0 = Debug|Any CPU
		{6C1DE61B-88F7-4015-9097-5EEDBC67574D}.Debug|x64.ActiveCfg = Debug|Any CPU
		{6C1DE61B-88F7-4015-9097-5EEDBC67574D}.Debug|x64.Build.0 = Debug|Any CPU
		{6C1DE61B-88F7-4015-9097-5EEDBC67574D}.Debug|x86.ActiveCfg = Debug|Any CPU
		{6C1DE61B-88F7-4015-9097-5EEDBC67574D}.Debug|x86.Build.0 = Debug|Any CPU
		{6C1DE61B-88F7-4015-9097-5EEDBC67574D}.Release|Any CPU.ActiveCfg = Release|Any CPU
		{6C1DE61B-88F7-4015-9097-5EEDBC67574D}.Release|Any CPU.Build.0 = Release|Any CPU
		{6C1DE61B-88F7-4015-9097-5EEDBC67574D}.Release|x64.ActiveCfg = Release|Any CPU
		{6C1DE61B-88F7-4015-9097-5EEDBC67574D}.Release|x64.Build.0 = Release|Any CPU
		{6C1DE61B-88F7-4015-9097-5EEDBC67574D}.Release|x86.ActiveCfg = Release|Any CPU
		{6C1DE61B-88F7-4015-9097-5EEDBC67574D}.Release|x86.Build.0 = Release|Any CPU
		{60F1099C-2007-4A5B-91F5-6D36AC847528}.Debug|Any CPU.ActiveCfg = Debug|Any CPU
		{60F1099C-2007-4A5B-91F5-6D36AC847528}.Debug|Any CPU.Build.0 = Debug|Any CPU
		{60F1099C-2007-4A5B-91F5-6D36AC847528}.Debug|x64.ActiveCfg = Debug|Any CPU
		{60F1099C-2007-4A5B-91F5-6D36AC847528}.Debug|x64.Build.0 = Debug|Any CPU
		{60F1099C-2007-4A5B-91F5-6D36AC847528}.Debug|x86.ActiveCfg = Debug|Any CPU
		{60F1099C-2007-4A5B-91F5-6D36AC847528}.Debug|x86.Build.0 = Debug|Any CPU
		{60F1099C-2007-4A5B-91F5-6D36AC847528}.Release|Any CPU.ActiveCfg = Release|Any CPU
		{60F1099C-2007-4A5B-91F5-6D36AC847528}.Release|Any CPU.Build.0 = Release|Any CPU
		{60F1099C-2007-4A5B-91F5-6D36AC847528}.Release|x64.ActiveCfg = Release|Any CPU
		{60F1099C-2007-4A5B-91F5-6D36AC847528}.Release|x64.Build.0 = Release|Any CPU
		{60F1099C-2007-4A5B-91F5-6D36AC847528}.Release|x86.ActiveCfg = Release|Any CPU
		{60F1099C-2007-4A5B-91F5-6D36AC847528}.Release|x86.Build.0 = Release|Any CPU
		{79460079-2BF7-45A8-A9CD-5347AB484F83}.Debug|Any CPU.ActiveCfg = Debug|Any CPU
		{79460079-2BF7-45A8-A9CD-5347AB484F83}.Debug|Any CPU.Build.0 = Debug|Any CPU
		{79460079-2BF7-45A8-A9CD-5347AB484F83}.Debug|x64.ActiveCfg = Debug|Any CPU
		{79460079-2BF7-45A8-A9CD-5347AB484F83}.Debug|x64.Build.0 = Debug|Any CPU
		{79460079-2BF7-45A8-A9CD-5347AB484F83}.Debug|x86.ActiveCfg = Debug|Any CPU
		{79460079-2BF7-45A8-A9CD-5347AB484F83}.Debug|x86.Build.0 = Debug|Any CPU
		{79460079-2BF7-45A8-A9CD-5347AB484F83}.Release|Any CPU.ActiveCfg = Release|Any CPU
		{79460079-2BF7-45A8-A9CD-5347AB484F83}.Release|Any CPU.Build.0 = Release|Any CPU
		{79460079-2BF7-45A8-A9CD-5347AB484F83}.Release|x64.ActiveCfg = Release|Any CPU
		{79460079-2BF7-45A8-A9CD-5347AB484F83}.Release|x64.Build.0 = Release|Any CPU
		{79460079-2BF7-45A8-A9CD-5347AB484F83}.Release|x86.ActiveCfg = Release|Any CPU
		{79460079-2BF7-45A8-A9CD-5347AB484F83}.Release|x86.Build.0 = Release|Any CPU
		{8A5767D8-00FF-44A3-A15B-3DFB02BA28F7}.Debug|Any CPU.ActiveCfg = Debug|Any CPU
		{8A5767D8-00FF-44A3-A15B-3DFB02BA28F7}.Debug|Any CPU.Build.0 = Debug|Any CPU
		{8A5767D8-00FF-44A3-A15B-3DFB02BA28F7}.Debug|x64.ActiveCfg = Debug|Any CPU
		{8A5767D8-00FF-44A3-A15B-3DFB02BA28F7}.Debug|x64.Build.0 = Debug|Any CPU
		{8A5767D8-00FF-44A3-A15B-3DFB02BA28F7}.Debug|x86.ActiveCfg = Debug|Any CPU
		{8A5767D8-00FF-44A3-A15B-3DFB02BA28F7}.Debug|x86.Build.0 = Debug|Any CPU
		{8A5767D8-00FF-44A3-A15B-3DFB02BA28F7}.Release|Any CPU.ActiveCfg = Release|Any CPU
		{8A5767D8-00FF-44A3-A15B-3DFB02BA28F7}.Release|Any CPU.Build.0 = Release|Any CPU
		{8A5767D8-00FF-44A3-A15B-3DFB02BA28F7}.Release|x64.ActiveCfg = Release|Any CPU
		{8A5767D8-00FF-44A3-A15B-3DFB02BA28F7}.Release|x64.Build.0 = Release|Any CPU
		{8A5767D8-00FF-44A3-A15B-3DFB02BA28F7}.Release|x86.ActiveCfg = Release|Any CPU
		{8A5767D8-00FF-44A3-A15B-3DFB02BA28F7}.Release|x86.Build.0 = Release|Any CPU
	EndGlobalSection
	GlobalSection(SolutionProperties) = preSolution
		HideSolutionNode = FALSE
	EndGlobalSection
	GlobalSection(ExtensibilityGlobals) = postSolution
		SolutionGuid = {8E9E7D34-2FD4-4365-B6A6-F2947DB500BC}
	EndGlobalSection
EndGlobal
